
Microsoft Visual Studio Solution File, Format Version 12.00
# Visual Studio Version 16
VisualStudioVersion = 16.0.31129.286
MinimumVisualStudioVersion = 10.0.40219.1
Project("{9A19103F-16F7-4668-BE54-9A1E7A4F7556}") = "ElasticSearch.Study", "ElasticSearch.Study\ElasticSearch.Study.csproj", "{AEA42FC7-698F-4695-B55C-228AB25B1BA1}"
EndProject
Project("{FAE04EC0-301F-11D3-BF4B-00C04F79EFBC}") = "ElasticSearch.Study.Test", "ElasticSearch.Study.Test\ElasticSearch.Study.Test.csproj", "{7233C5EE-B7FD-404F-99E3-90610C04407B}"
EndProject
Global
	GlobalSection(SolutionConfigurationPlatforms) = preSolution
		Debug|Any CPU = Debug|Any CPU
		Release|Any CPU = Release|Any CPU
	EndGlobalSection
	GlobalSection(ProjectConfigurationPlatforms) = postSolution
		{AEA42FC7-698F-4695-B55C-228AB25B1BA1}.Debug|Any CPU.ActiveCfg = Debug|Any CPU
		{AEA42FC7-698F-4695-B55C-228AB25B1BA1}.Debug|Any CPU.Build.0 = Debug|Any CPU
		{AEA42FC7-698F-4695-B55C-228AB25B1BA1}.Release|Any CPU.ActiveCfg = Release|Any CPU
		{AEA42FC7-698F-4695-B55C-228AB25B1BA1}.Release|Any CPU.Build.0 = Release|Any CPU
		{7233C5EE-B7FD-404F-99E3-90610C04407B}.Debug|Any CPU.ActiveCfg = Debug|Any CPU
		{7233C5EE-B7FD-404F-99E3-90610C04407B}.Debug|Any CPU.Build.0 = Debug|Any CPU
		{7233C5EE-B7FD-404F-99E3-90610C04407B}.Release|Any CPU.ActiveCfg = Release|Any CPU
		{7233C5EE-B7FD-404F-99E3-90610C04407B}.Release|Any CPU.Build.0 = Release|Any CPU
	EndGlobalSection
	GlobalSection(SolutionProperties) = preSolution
		HideSolutionNode = FALSE
	EndGlobalSection
	GlobalSection(ExtensibilityGlobals) = postSolution
		SolutionGuid = {8E897ACD-526F-45D0-9722-ABB0E3214689}
	EndGlobalSection
EndGlobal
